
Microsoft Visual Studio Solution File, Format Version 12.00
# Visual Studio Version 17
VisualStudioVersion = 17.14.36301.6 d17.14
MinimumVisualStudioVersion = 10.0.40219.1
Project("{FAE04EC0-301F-11D3-BF4B-00C04F79EFBC}") = "backend", "backend.csproj", "{ADF70364-3AA0-4B3F-84D0-44CB9EAB3498}"
EndProject
Global
	GlobalSection(SolutionConfigurationPlatforms) = preSolution
		Debug|Any CPU = Debug|Any CPU
		Release|Any CPU = Release|Any CPU
	EndGlobalSection
	GlobalSection(ProjectConfigurationPlatforms) = postSolution
		{ADF70364-3AA0-4B3F-84D0-44CB9EAB3498}.Debug|Any CPU.ActiveCfg = Debug|Any CPU
		{ADF70364-3AA0-4B3F-84D0-44CB9EAB3498}.Debug|Any CPU.Build.0 = Debug|Any CPU
		{ADF70364-3AA0-4B3F-84D0-44CB9EAB3498}.Release|Any CPU.ActiveCfg = Release|Any CPU
		{ADF70364-3AA0-4B3F-84D0-44CB9EAB3498}.Release|Any CPU.Build.0 = Release|Any CPU
	EndGlobalSection
	GlobalSection(SolutionProperties) = preSolution
		HideSolutionNode = FALSE
	EndGlobalSection
	GlobalSection(ExtensibilityGlobals) = postSolution
		SolutionGuid = {538B3544-68D8-4B9E-A24F-F45CFBF1097B}
	EndGlobalSection
EndGlobal
